# This file is autogenerated, do not edit; changes may be undone by the next 'dep ensure'.


[[projects]]
  digest = "1:2cd7915ab26ede7d95b8749e6b1f933f1c6d5398030684e6505940a10f31cfda"
  name = "github.com/ghodss/yaml"
  packages = ["."]
  pruneopts = "UT"
  revision = "0ca9ea5df5451ffdf184b4428c902747c2c11cd7"
  version = "v1.0.0"

[[projects]]
  digest = "1:3ee1d175a75b911a659fbd860060874c4f503e793c5870d13e5a0ede529a63cf"
  name = "github.com/gin-contrib/sse"
  packages = ["."]
  pruneopts = "UT"
  revision = "54d8467d122d380a14768b6b4e5cd7ca4755938f"
  version = "v0.1.0"

[[projects]]
  digest = "1:d8bd2a337f6ff2188e08f72c614f2f3f0fd48e6a7b37a071b197e427d77d3a47"
  name = "github.com/gin-gonic/gin"
  packages = [
    ".",
    "binding",
    "internal/json",
    "render",
  ]
  pruneopts = "UT"
  revision = "b75d67cd51eb53c3c3a2fc406524c940021ffbda"
  version = "v1.4.0"

[[projects]]
  digest = "1:e1ff887e232b2d8f4f7c7db15a5fac7be418025afc4dda53c59c765dbb5aa6b4"
  name = "github.com/go-playground/locales"
  packages = [
    ".",
    "currency",
  ]
  pruneopts = "UT"
  revision = "f63010822830b6fe52288ee52d5a1151088ce039"
  version = "v0.12.1"

[[projects]]
  digest = "1:e022cf244bcac1b6ef933f1a2e0adcf6a6dfd7b872d8d41e4d4179bb09a87cbc"
  name = "github.com/go-playground/universal-translator"
  packages = ["."]
  pruneopts = "UT"
  revision = "b32fa301c9fe55953584134cb6853a13c87ec0a1"
  version = "v0.16.0"

[[projects]]
  digest = "1:bed9d72d596f94e65fff37f4d6c01398074a6bb1c3f3ceff963516bd01db6ff5"
  name = "github.com/gofrs/uuid"
  packages = ["."]
  pruneopts = "UT"
  revision = "6b08a5c5172ba18946672b49749cde22873dd7c2"
  version = "v3.2.0"

[[projects]]
  digest = "1:f5ce1529abc1204444ec73779f44f94e2fa8fcdb7aca3c355b0c95947e4005c6"
  name = "github.com/golang/protobuf"
  packages = [
    "proto",
    "ptypes",
    "ptypes/any",
    "ptypes/duration",
    "ptypes/timestamp",
  ]
  pruneopts = "UT"
  revision = "6c65a5562fc06764971b7c5d05c76c75e84bdbf7"
  version = "v1.3.2"

[[projects]]
  digest = "1:582b704bebaa06b48c29b0cec224a6058a09c86883aaddabde889cd1a5f73e1b"
  name = "github.com/google/uuid"
  packages = ["."]
  pruneopts = "UT"
  revision = "0cd6bf5da1e1c83f8b45653022c74f71af0538a4"
  version = "v1.1.1"

[[projects]]
  digest = "1:709cd2a2c29cc9b89732f6c24846bbb9d6270f28ef5ef2128cc73bd0d6d7bff9"
  name = "github.com/json-iterator/go"
  packages = ["."]
  pruneopts = "UT"
  revision = "27518f6661eba504be5a7a9a9f6d9460d892ade3"
  version = "v1.1.7"

[[projects]]
  branch = "master"
  digest = "1:b4d783f3ef044e8fd22ccaf4894bb5a3fc2d4a31854e10bbb042f9cd305510e5"
  name = "github.com/juju/errors"
  packages = ["."]
  pruneopts = "UT"
  revision = "d42613fe1ab9e303fc850e7a19fda2e8eeb6516e"

[[projects]]
  digest = "1:31e761d97c76151dde79e9d28964a812c46efc5baee4085b86f68f0c654450de"
  name = "github.com/konsorten/go-windows-terminal-sequences"
  packages = ["."]
  pruneopts = "UT"
  revision = "f55edac94c9bbba5d6182a4be46d86a2c9b5b50e"
  version = "v1.0.2"

[[projects]]
  digest = "1:6782ffc812e8e700e6952ede1e60487ff1fd9da489eff762985be662a7cfc431"
  name = "github.com/leodido/go-urn"
  packages = ["."]
  pruneopts = "UT"
  revision = "70078a794e8ea4b497ba7c19a78cd60f90ccf0f4"
  version = "v1.1.0"

[[projects]]
  digest = "1:12cb143f2148bf54bcd9fe622abac17325e85eeb1d84b8ec6caf1c80232108fd"
  name = "github.com/lib/pq"
  packages = [
    ".",
    "oid",
    "scram",
  ]
  pruneopts = "UT"
  revision = "3427c32cb71afc948325f299f040e53c1dd78979"
  version = "v1.2.0"

[[projects]]
  digest = "1:20e06bd004a44d322ece5d15351b573f467c3b438c8019da365eab552c4f90b9"
  name = "github.com/loopfz/gadgeto"
  packages = [
    "tonic",
    "tonic/utils/jujerr",
  ]
  pruneopts = "UT"
  revision = "66ad4638c25c77275b47b89dd23d013c36aaae48"
  version = "v0.9.0"

[[projects]]
  digest = "1:d62282425ffb75047679d7e2c3b980eea7f82c05ef5fb9142ee617ebac6e7432"
  name = "github.com/mattn/go-isatty"
  packages = ["."]
  pruneopts = "UT"
  revision = "88ba11cfdc67c7588b30042edf244b2875f892b6"
  version = "v0.0.10"

[[projects]]
  digest = "1:33422d238f147d247752996a26574ac48dcf472976eda7f5134015f06bf16563"
  name = "github.com/modern-go/concurrent"
  packages = ["."]
  pruneopts = "UT"
  revision = "bacd9c7ef1dd9b15be4a9909b8ac7a4e313eec94"
  version = "1.0.3"

[[projects]]
  digest = "1:e32bdbdb7c377a07a9a46378290059822efdce5c8d96fe71940d87cb4f918855"
  name = "github.com/modern-go/reflect2"
  packages = ["."]
  pruneopts = "UT"
  revision = "4b7aa43c6742a2c18fdef89dd197aaae7dac7ccd"
  version = "1.0.1"

[[projects]]
  digest = "1:eac5e13f6f21eb6afa9e51caeb8074694708c84aa282d83ce2b045117053df9f"
  name = "github.com/ovh/configstore"
  packages = ["."]
  pruneopts = "UT"
  revision = "1659456135c08b1d831414a7f0039146518d4d2b"
  version = "v0.3.2"

[[projects]]
  digest = "1:274f67cb6fed9588ea2521ecdac05a6d62a8c51c074c1fccc6a49a40ba80e925"
  name = "github.com/satori/go.uuid"
  packages = ["."]
  pruneopts = "UT"
  revision = "f58768cc1a7a7e77a3bd49e98cdd21419399b6a3"
  version = "v1.2.0"

[[projects]]
  digest = "1:04457f9f6f3ffc5fea48e71d62f2ca256637dee0a04d710288e27e05c8b41976"
  name = "github.com/sirupsen/logrus"
  packages = ["."]
  pruneopts = "UT"
  revision = "839c75faf7f98a33d445d181f3018b5c3409a45e"
  version = "v1.4.2"

[[projects]]
  digest = "1:5a1cf4e370bc86137b58da2ae065e76526d32b11f62a7665f36dbd5f41fa95ff"
  name = "github.com/ugorji/go"
  packages = ["codec"]
  pruneopts = "UT"
  revision = "23ab95ef5dc3b70286760af84ce2327a2b64ed62"
  version = "v1.1.7"

[[projects]]
  digest = "1:72173988e75bf8ae7f7e6b3573896a7bb3ab998310da70a645782aeba5303b0d"
  name = "github.com/wI2L/fizz"
  packages = [
    ".",
    "openapi",
  ]
  pruneopts = "UT"
  revision = "bbaa01a9f70702e7c16baa507eefe416faaf67cb"
  version = "0.13.2"

[[projects]]
  branch = "master"
  digest = "1:986b0b6eacf659f82dc2088464bac67c0a98890005d61dccd39e7b0ee371d0ac"
  name = "golang.org/x/net"
  packages = [
    "context",
    "http/httpguts",
    "http2",
    "http2/hpack",
    "idna",
    "internal/timeseries",
    "trace",
  ]
  pruneopts = "UT"
  revision = "d66e71096ffb9f08f36d9aefcae80ce319de6d68"

[[projects]]
  branch = "master"
  digest = "1:7c927f17d868be652a4cfe7de23e4292dea5b14d974a1d536e3b7cb7e79fd695"
  name = "golang.org/x/sys"
  packages = ["unix"]
  pruneopts = "UT"
  revision = "b09406accb4736d857a32bf9444cd7edae2ffa79"

[[projects]]
  digest = "1:8d8faad6b12a3a4c819a3f9618cb6ee1fa1cfc33253abeeea8b55336721e3405"
  name = "golang.org/x/text"
  packages = [
    "collate",
    "collate/build",
    "internal/colltab",
    "internal/gen",
    "internal/language",
    "internal/language/compact",
    "internal/tag",
    "internal/triegen",
    "internal/ucd",
    "language",
    "secure/bidirule",
    "transform",
    "unicode/bidi",
    "unicode/cldr",
    "unicode/norm",
    "unicode/rangetable",
  ]
  pruneopts = "UT"
  revision = "342b2e1fbaa52c93f31447ad2c6abc048c63e475"
  version = "v0.3.2"

[[projects]]
  branch = "master"
  digest = "1:583a0c80f5e3a9343d33aea4aead1e1afcc0043db66fdf961ddd1fe8cd3a4faf"
  name = "google.golang.org/genproto"
  packages = ["googleapis/rpc/status"]
  pruneopts = "UT"
  revision = "548a555dbc03994223efbaba0090152849259498"

[[projects]]
  digest = "1:6cd77d0b616d2dcebd363dfecba593f27b0151fc82cdb5fbfb96c5a7cfbc95b5"
  name = "google.golang.org/grpc"
  packages = [
    ".",
    "balancer",
    "balancer/base",
    "balancer/roundrobin",
    "binarylog/grpc_binarylog_v1",
    "codes",
    "connectivity",
    "credentials",
    "credentials/internal",
    "encoding",
    "encoding/proto",
    "grpclog",
    "internal",
    "internal/backoff",
    "internal/balancerload",
    "internal/binarylog",
    "internal/channelz",
    "internal/envconfig",
    "internal/grpcrand",
    "internal/grpcsync",
    "internal/syscall",
    "internal/transport",
    "keepalive",
    "metadata",
    "naming",
    "peer",
    "resolver",
    "resolver/dns",
    "resolver/passthrough",
    "serviceconfig",
    "stats",
    "status",
    "tap",
  ]
  pruneopts = "UT"
  revision = "f6d0f9ee430895e87ef1ceb5ac8f39725bafceef"
  version = "v1.24.0"

[[projects]]
  digest = "1:cbc72c4c4886a918d6ab4b95e347ffe259846260f99ebdd8a198c2331cf2b2e9"
  name = "gopkg.in/go-playground/validator.v8"
  packages = ["."]
  pruneopts = "UT"
  revision = "5f1438d3fca68893a817e4a66806cea46a9e4ebf"
  version = "v8.18.2"

[[projects]]
  digest = "1:3a8ecdedfd4149826ed0146acd8b8b1d5f7493e2cd642ee6c902234f6e6434fd"
  name = "gopkg.in/go-playground/validator.v9"
  packages = ["."]
  pruneopts = "UT"
  revision = "cd1bd581694a11c089aea885a26247c5f783a4cf"
  version = "v9.30.0"

[[projects]]
  digest = "1:59f10c1537d2199d9115d946927fe31165959a95190849c82ff11e05803528b0"
  name = "gopkg.in/yaml.v2"
  packages = ["."]
  pruneopts = "UT"
  revision = "f221b8435cfb71e54062f6c6e99e9ade30b124d5"
  version = "v2.2.4"

[solve-meta]
  analyzer-name = "dep"
  analyzer-version = 1
  input-imports = [
    "github.com/ghodss/yaml",
    "github.com/gin-gonic/gin",
    "github.com/golang/protobuf/proto",
    "github.com/lib/pq",
    "github.com/loopfz/gadgeto/tonic",
    "github.com/loopfz/gadgeto/tonic/utils/jujerr",
    "github.com/ovh/configstore",
    "github.com/satori/go.uuid",
    "github.com/sirupsen/logrus",
    "github.com/wI2L/fizz",
    "github.com/wI2L/fizz/openapi",
    "golang.org/x/net/context",
    "google.golang.org/grpc",
    "google.golang.org/grpc/codes",
    "google.golang.org/grpc/status",
  ]
  solver-name = "gps-cdcl"
  solver-version = 1
